
Microsoft Visual Studio Solution File, Format Version 12.00
# Visual Studio Version 17
VisualStudioVersion = 17.8.34330.188
MinimumVisualStudioVersion = 10.0.40219.1
Project("{2150E333-8FDC-42A3-9474-1A3956D46DE8}") = "Services", "Services", "{D517CE3E-3BFD-4C6F-B1A2-8C36CC2AC771}"
EndProject
Project("{2150E333-8FDC-42A3-9474-1A3956D46DE8}") = "WebApps", "WebApps", "{397AE4EC-9571-42A0-B269-87250133A128}"
EndProject
Project("{2150E333-8FDC-42A3-9474-1A3956D46DE8}") = "Catalogo", "Catalogo", "{D2F908F7-E6F4-4149-A44C-9AF0FA105372}"
EndProject
Project("{9A19103F-16F7-4668-BE54-9A1E7A4F7556}") = "NerdStore.Catalogo.Domain", "src\NerdStore.Catalogo.Domain\NerdStore.Catalogo.Domain.csproj", "{129685A1-1FE3-45A0-A4EA-A6FF7DFD0C9B}"
EndProject
Project("{2150E333-8FDC-42A3-9474-1A3956D46DE8}") = "Core", "Core", "{1FE3B956-E6A1-44E3-82C6-7C61214CE094}"
EndProject
Project("{9A19103F-16F7-4668-BE54-9A1E7A4F7556}") = "NerdStore.Core", "src\NerdStore.Core\NerdStore.Core.csproj", "{425C12FE-C5F3-4889-B2B3-F212EE6FC698}"
EndProject
Project("{2150E333-8FDC-42A3-9474-1A3956D46DE8}") = "Tests", "Tests", "{BC1B818F-7228-44CB-9E82-DF81A570821C}"
EndProject
Project("{9A19103F-16F7-4668-BE54-9A1E7A4F7556}") = "NerdStore.Catalogo.Domain.Tests", "test\NerdStore.Catalogo.Domain.Tests\NerdStore.Catalogo.Domain.Tests.csproj", "{1F81A9BB-9370-4965-B1BB-BB1B6D7E6B04}"
EndProject
Project("{9A19103F-16F7-4668-BE54-9A1E7A4F7556}") = "NerdStore.Catalogo.Data", "src\NerdStore.Catalogo.Data\NerdStore.Catalogo.Data.csproj", "{9AAA50CC-97DB-4CC1-86BE-F94586760AA2}"
EndProject
Project("{9A19103F-16F7-4668-BE54-9A1E7A4F7556}") = "NerdStore.Catalogo.Application", "src\NerdStore.Catalogo.Application\NerdStore.Catalogo.Application.csproj", "{A2D802E7-398E-4F72-A98B-521FC5BD948E}"
EndProject
Project("{9A19103F-16F7-4668-BE54-9A1E7A4F7556}") = "NerdStore.WebApp.MVC", "src\NerdStore.WebApp.MVC\NerdStore.WebApp.MVC.csproj", "{CF510EF5-E60B-4E8E-B9A4-63F7D54AD6B5}"
EndProject
Project("{2150E333-8FDC-42A3-9474-1A3956D46DE8}") = "Vendas", "Vendas", "{AF83CCB8-9CBB-49AD-BC81-813362CE8123}"
EndProject
Project("{9A19103F-16F7-4668-BE54-9A1E7A4F7556}") = "NerdStore.Vendas.Domain", "src\NerdStore.Vendas.Domain\NerdStore.Vendas.Domain.csproj", "{1FD935E6-5FED-4B5B-A912-5390FBC61E3D}"
EndProject
Project("{9A19103F-16F7-4668-BE54-9A1E7A4F7556}") = "NerdStore.Vendas.Application", "src\NerdStore.Vendas.Application\NerdStore.Vendas.Application.csproj", "{737DB3A3-366C-48BF-84F3-FFE5C3A5143A}"
EndProject
Project("{9A19103F-16F7-4668-BE54-9A1E7A4F7556}") = "NerdStore.Vendas.Data", "src\NerdStore.Vendas.Data\NerdStore.Vendas.Data.csproj", "{24BECC6C-2C3E-43AB-97D4-ACEC56D48399}"
EndProject
Project("{2150E333-8FDC-42A3-9474-1A3956D46DE8}") = "Pagamentos", "Pagamentos", "{1F9ABDD8-0A4C-4B1C-BF0F-A176B1DE5297}"
EndProject
Project("{9A19103F-16F7-4668-BE54-9A1E7A4F7556}") = "NerdStore.Pagamentos.AntiCorruption", "src\NerdStore.Pagamentos.AntiCorruption\NerdStore.Pagamentos.AntiCorruption.csproj", "{BE03A850-871E-4A3D-888A-81B32CD55E48}"
EndProject
Project("{9A19103F-16F7-4668-BE54-9A1E7A4F7556}") = "NerdStore.Pagamentos.Data", "src\NerdStore.Pagamentos.Data\NerdStore.Pagamentos.Data.csproj", "{395D61E3-FACD-449B-9145-7B58380758F1}"
EndProject
Project("{9A19103F-16F7-4668-BE54-9A1E7A4F7556}") = "NerdStore.Pagamentos.Business", "NerdStore.Pagamentos.Business\NerdStore.Pagamentos.Business.csproj", "{DCC49489-025B-49EE-BC65-986729F5FF1D}"
EndProject
Project("{2150E333-8FDC-42A3-9474-1A3956D46DE8}") = "BuildingBlocks", "BuildingBlocks", "{46E90829-E860-4229-9425-8F8A04ACD6B6}"
EndProject
Project("{FAE04EC0-301F-11D3-BF4B-00C04F79EFBC}") = "EventSourcing", "src\EventSourcing\EventSourcing.csproj", "{095BB9B0-93EE-4A4C-A096-B8D6FAC38181}"
EndProject
Global
	GlobalSection(SolutionConfigurationPlatforms) = preSolution
		Debug|Any CPU = Debug|Any CPU
		Release|Any CPU = Release|Any CPU
	EndGlobalSection
	GlobalSection(ProjectConfigurationPlatforms) = postSolution
		{129685A1-1FE3-45A0-A4EA-A6FF7DFD0C9B}.Debug|Any CPU.ActiveCfg = Debug|Any CPU
		{129685A1-1FE3-45A0-A4EA-A6FF7DFD0C9B}.Debug|Any CPU.Build.0 = Debug|Any CPU
		{129685A1-1FE3-45A0-A4EA-A6FF7DFD0C9B}.Release|Any CPU.ActiveCfg = Release|Any CPU
		{129685A1-1FE3-45A0-A4EA-A6FF7DFD0C9B}.Release|Any CPU.Build.0 = Release|Any CPU
		{425C12FE-C5F3-4889-B2B3-F212EE6FC698}.Debug|Any CPU.ActiveCfg = Debug|Any CPU
		{425C12FE-C5F3-4889-B2B3-F212EE6FC698}.Debug|Any CPU.Build.0 = Debug|Any CPU
		{425C12FE-C5F3-4889-B2B3-F212EE6FC698}.Release|Any CPU.ActiveCfg = Release|Any CPU
		{425C12FE-C5F3-4889-B2B3-F212EE6FC698}.Release|Any CPU.Build.0 = Release|Any CPU
		{1F81A9BB-9370-4965-B1BB-BB1B6D7E6B04}.Debug|Any CPU.ActiveCfg = Debug|Any CPU
		{1F81A9BB-9370-4965-B1BB-BB1B6D7E6B04}.Debug|Any CPU.Build.0 = Debug|Any CPU
		{1F81A9BB-9370-4965-B1BB-BB1B6D7E6B04}.Release|Any CPU.ActiveCfg = Release|Any CPU
		{1F81A9BB-9370-4965-B1BB-BB1B6D7E6B04}.Release|Any CPU.Build.0 = Release|Any CPU
		{9AAA50CC-97DB-4CC1-86BE-F94586760AA2}.Debug|Any CPU.ActiveCfg = Debug|Any CPU
		{9AAA50CC-97DB-4CC1-86BE-F94586760AA2}.Debug|Any CPU.Build.0 = Debug|Any CPU
		{9AAA50CC-97DB-4CC1-86BE-F94586760AA2}.Release|Any CPU.ActiveCfg = Release|Any CPU
		{9AAA50CC-97DB-4CC1-86BE-F94586760AA2}.Release|Any CPU.Build.0 = Release|Any CPU
		{A2D802E7-398E-4F72-A98B-521FC5BD948E}.Debug|Any CPU.ActiveCfg = Debug|Any CPU
		{A2D802E7-398E-4F72-A98B-521FC5BD948E}.Debug|Any CPU.Build.0 = Debug|Any CPU
		{A2D802E7-398E-4F72-A98B-521FC5BD948E}.Release|Any CPU.ActiveCfg = Release|Any CPU
		{A2D802E7-398E-4F72-A98B-521FC5BD948E}.Release|Any CPU.Build.0 = Release|Any CPU
		{CF510EF5-E60B-4E8E-B9A4-63F7D54AD6B5}.Debug|Any CPU.ActiveCfg = Debug|Any CPU
		{CF510EF5-E60B-4E8E-B9A4-63F7D54AD6B5}.Debug|Any CPU.Build.0 = Debug|Any CPU
		{CF510EF5-E60B-4E8E-B9A4-63F7D54AD6B5}.Release|Any CPU.ActiveCfg = Release|Any CPU
		{CF510EF5-E60B-4E8E-B9A4-63F7D54AD6B5}.Release|Any CPU.Build.0 = Release|Any CPU
		{1FD935E6-5FED-4B5B-A912-5390FBC61E3D}.Debug|Any CPU.ActiveCfg = Debug|Any CPU
		{1FD935E6-5FED-4B5B-A912-5390FBC61E3D}.Debug|Any CPU.Build.0 = Debug|Any CPU
		{1FD935E6-5FED-4B5B-A912-5390FBC61E3D}.Release|Any CPU.ActiveCfg = Release|Any CPU
		{1FD935E6-5FED-4B5B-A912-5390FBC61E3D}.Release|Any CPU.Build.0 = Release|Any CPU
		{737DB3A3-366C-48BF-84F3-FFE5C3A5143A}.Debug|Any CPU.ActiveCfg = Debug|Any CPU
		{737DB3A3-366C-48BF-84F3-FFE5C3A5143A}.Debug|Any CPU.Build.0 = Debug|Any CPU
		{737DB3A3-366C-48BF-84F3-FFE5C3A5143A}.Release|Any CPU.ActiveCfg = Release|Any CPU
		{737DB3A3-366C-48BF-84F3-FFE5C3A5143A}.Release|Any CPU.Build.0 = Release|Any CPU
		{24BECC6C-2C3E-43AB-97D4-ACEC56D48399}.Debug|Any CPU.ActiveCfg = Debug|Any CPU
		{24BECC6C-2C3E-43AB-97D4-ACEC56D48399}.Debug|Any CPU.Build.0 = Debug|Any CPU
		{24BECC6C-2C3E-43AB-97D4-ACEC56D48399}.Release|Any CPU.ActiveCfg = Release|Any CPU
		{24BECC6C-2C3E-43AB-97D4-ACEC56D48399}.Release|Any CPU.Build.0 = Release|Any CPU
		{BE03A850-871E-4A3D-888A-81B32CD55E48}.Debug|Any CPU.ActiveCfg = Debug|Any CPU
		{BE03A850-871E-4A3D-888A-81B32CD55E48}.Debug|Any CPU.Build.0 = Debug|Any CPU
		{BE03A850-871E-4A3D-888A-81B32CD55E48}.Release|Any CPU.ActiveCfg = Release|Any CPU
		{BE03A850-871E-4A3D-888A-81B32CD55E48}.Release|Any CPU.Build.0 = Release|Any CPU
		{395D61E3-FACD-449B-9145-7B58380758F1}.Debug|Any CPU.ActiveCfg = Debug|Any CPU
		{395D61E3-FACD-449B-9145-7B58380758F1}.Debug|Any CPU.Build.0 = Debug|Any CPU
		{395D61E3-FACD-449B-9145-7B58380758F1}.Release|Any CPU.ActiveCfg = Release|Any CPU
		{395D61E3-FACD-449B-9145-7B58380758F1}.Release|Any CPU.Build.0 = Release|Any CPU
		{DCC49489-025B-49EE-BC65-986729F5FF1D}.Debug|Any CPU.ActiveCfg = Debug|Any CPU
		{DCC49489-025B-49EE-BC65-986729F5FF1D}.Debug|Any CPU.Build.0 = Debug|Any CPU
		{DCC49489-025B-49EE-BC65-986729F5FF1D}.Release|Any CPU.ActiveCfg = Release|Any CPU
		{DCC49489-025B-49EE-BC65-986729F5FF1D}.Release|Any CPU.Build.0 = Release|Any CPU
		{095BB9B0-93EE-4A4C-A096-B8D6FAC38181}.Debug|Any CPU.ActiveCfg = Debug|Any CPU
		{095BB9B0-93EE-4A4C-A096-B8D6FAC38181}.Debug|Any CPU.Build.0 = Debug|Any CPU
		{095BB9B0-93EE-4A4C-A096-B8D6FAC38181}.Release|Any CPU.ActiveCfg = Release|Any CPU
		{095BB9B0-93EE-4A4C-A096-B8D6FAC38181}.Release|Any CPU.Build.0 = Release|Any CPU
	EndGlobalSection
	GlobalSection(SolutionProperties) = preSolution
		HideSolutionNode = FALSE
	EndGlobalSection
	GlobalSection(NestedProjects) = preSolution
		{D2F908F7-E6F4-4149-A44C-9AF0FA105372} = {D517CE3E-3BFD-4C6F-B1A2-8C36CC2AC771}
		{129685A1-1FE3-45A0-A4EA-A6FF7DFD0C9B} = {D2F908F7-E6F4-4149-A44C-9AF0FA105372}
		{1FE3B956-E6A1-44E3-82C6-7C61214CE094} = {D517CE3E-3BFD-4C6F-B1A2-8C36CC2AC771}
		{425C12FE-C5F3-4889-B2B3-F212EE6FC698} = {1FE3B956-E6A1-44E3-82C6-7C61214CE094}
		{BC1B818F-7228-44CB-9E82-DF81A570821C} = {D2F908F7-E6F4-4149-A44C-9AF0FA105372}
		{1F81A9BB-9370-4965-B1BB-BB1B6D7E6B04} = {BC1B818F-7228-44CB-9E82-DF81A570821C}
		{9AAA50CC-97DB-4CC1-86BE-F94586760AA2} = {D2F908F7-E6F4-4149-A44C-9AF0FA105372}
		{A2D802E7-398E-4F72-A98B-521FC5BD948E} = {D2F908F7-E6F4-4149-A44C-9AF0FA105372}
		{CF510EF5-E60B-4E8E-B9A4-63F7D54AD6B5} = {397AE4EC-9571-42A0-B269-87250133A128}
		{AF83CCB8-9CBB-49AD-BC81-813362CE8123} = {D517CE3E-3BFD-4C6F-B1A2-8C36CC2AC771}
		{1FD935E6-5FED-4B5B-A912-5390FBC61E3D} = {AF83CCB8-9CBB-49AD-BC81-813362CE8123}
		{737DB3A3-366C-48BF-84F3-FFE5C3A5143A} = {AF83CCB8-9CBB-49AD-BC81-813362CE8123}
		{24BECC6C-2C3E-43AB-97D4-ACEC56D48399} = {AF83CCB8-9CBB-49AD-BC81-813362CE8123}
		{1F9ABDD8-0A4C-4B1C-BF0F-A176B1DE5297} = {D517CE3E-3BFD-4C6F-B1A2-8C36CC2AC771}
		{BE03A850-871E-4A3D-888A-81B32CD55E48} = {1F9ABDD8-0A4C-4B1C-BF0F-A176B1DE5297}
		{395D61E3-FACD-449B-9145-7B58380758F1} = {1F9ABDD8-0A4C-4B1C-BF0F-A176B1DE5297}
		{DCC49489-025B-49EE-BC65-986729F5FF1D} = {1F9ABDD8-0A4C-4B1C-BF0F-A176B1DE5297}
		{095BB9B0-93EE-4A4C-A096-B8D6FAC38181} = {46E90829-E860-4229-9425-8F8A04ACD6B6}
	EndGlobalSection
	GlobalSection(ExtensibilityGlobals) = postSolution
		SolutionGuid = {CFA72188-4D05-48E0-AD73-237CEB56F093}
	EndGlobalSection
EndGlobal
